
Microsoft Visual Studio Solution File, Format Version 12.00
# Visual Studio Version 17
VisualStudioVersion = 17.4.33213.308
MinimumVisualStudioVersion = 10.0.40219.1
Project("{9A19103F-16F7-4668-BE54-9A1E7A4F7556}") = "RabbsRotations", "RabbsRotations.csproj", "{FCA67087-2A48-428C-9EEE-61D3D92B639C}"
EndProject
Global
	GlobalSection(SolutionConfigurationPlatforms) = preSolution
		Debug|Any CPU = Debug|Any CPU
		Release|Any CPU = Release|Any CPU
	EndGlobalSection
	GlobalSection(ProjectConfigurationPlatforms) = postSolution
		{FCA67087-2A48-428C-9EEE-61D3D92B639C}.Debug|Any CPU.ActiveCfg = Debug|Any CPU
		{FCA67087-2A48-428C-9EEE-61D3D92B639C}.Debug|Any CPU.Build.0 = Debug|Any CPU
		{FCA67087-2A48-428C-9EEE-61D3D92B639C}.Release|Any CPU.ActiveCfg = Release|Any CPU
		{FCA67087-2A48-428C-9EEE-61D3D92B639C}.Release|Any CPU.Build.0 = Release|Any CPU
	EndGlobalSection
	GlobalSection(SolutionProperties) = preSolution
		HideSolutionNode = FALSE
	EndGlobalSection
	GlobalSection(ExtensibilityGlobals) = postSolution
		SolutionGuid = {A7590C32-806F-4E52-B520-F19B6B426F4C}
	EndGlobalSection
EndGlobal
